
Microsoft Visual Studio Solution File, Format Version 12.00
# Visual Studio 15
VisualStudioVersion = 15.0.27703.2000
MinimumVisualStudioVersion = 10.0.40219.1
Project("{FAE04EC0-301F-11D3-BF4B-00C04F79EFBC}") = "Skybrud.Umbraco.Vulnerabilities", "Skybrud.Umbraco.Vulnerabilities\Skybrud.Umbraco.Vulnerabilities.csproj", "{F62C9BC5-AA02-47D4-8602-DBC5A93CDDAF}"
EndProject
Global
	GlobalSection(SolutionConfigurationPlatforms) = preSolution
		Debug|Any CPU = Debug|Any CPU
		Release|Any CPU = Release|Any CPU
	EndGlobalSection
	GlobalSection(ProjectConfigurationPlatforms) = postSolution
		{F62C9BC5-AA02-47D4-8602-DBC5A93CDDAF}.Debug|Any CPU.ActiveCfg = Debug|Any CPU
		{F62C9BC5-AA02-47D4-8602-DBC5A93CDDAF}.Debug|Any CPU.Build.0 = Debug|Any CPU
		{F62C9BC5-AA02-47D4-8602-DBC5A93CDDAF}.Release|Any CPU.ActiveCfg = Release|Any CPU
		{F62C9BC5-AA02-47D4-8602-DBC5A93CDDAF}.Release|Any CPU.Build.0 = Release|Any CPU
	EndGlobalSection
	GlobalSection(SolutionProperties) = preSolution
		HideSolutionNode = FALSE
	EndGlobalSection
	GlobalSection(ExtensibilityGlobals) = postSolution
		SolutionGuid = {DA632E61-919E-4E17-8CB5-B1D0977A0914}
	EndGlobalSection
EndGlobal
